
Microsoft Visual Studio Solution File, Format Version 12.00
# Visual Studio 15
VisualStudioVersion = 15.0.28307.168
MinimumVisualStudioVersion = 10.0.40219.1
Project("{FAE04EC0-301F-11D3-BF4B-00C04F79EFBC}") = "OneTimePad", "OneTimePad\OneTimePad.csproj", "{9248CCB1-195B-46E7-84E5-7EFB21D8D229}"
EndProject
Project("{FAE04EC0-301F-11D3-BF4B-00C04F79EFBC}") = "VigenereCipher", "VigenereCipher\VigenereCipher.csproj", "{929E7DBC-71CF-4C7A-9F7D-26B278D208E6}"
EndProject
Project("{FAE04EC0-301F-11D3-BF4B-00C04F79EFBC}") = "ManyTimePad", "ManyTimePad\ManyTimePad.csproj", "{424490C4-152D-46DE-96CD-ECE32799BB4F}"
EndProject
Project("{FAE04EC0-301F-11D3-BF4B-00C04F79EFBC}") = "RSAAlgorithm", "RSAAlgorithm\RSAAlgorithm.csproj", "{E9E84C8A-1091-4D97-B709-4EEF8D9482FC}"
EndProject
Project("{FAE04EC0-301F-11D3-BF4B-00C04F79EFBC}") = "Testpad", "Testpad\Testpad.csproj", "{87D2B648-6465-4977-92A0-9767C0981E3D}"
EndProject
Project("{FAE04EC0-301F-11D3-BF4B-00C04F79EFBC}") = "YieldKeywordTest", "YieldKeywordTest\YieldKeywordTest.csproj", "{08F65A8B-19D7-41E0-B303-4B0E93B6BD2E}"
EndProject
Project("{FAE04EC0-301F-11D3-BF4B-00C04F79EFBC}") = "HashingAlgorithms", "HashingAlgorithms\HashingAlgorithms.csproj", "{53A35853-AA38-468E-9E67-F7448820CA70}"
EndProject
Project("{FAE04EC0-301F-11D3-BF4B-00C04F79EFBC}") = "DIffieHellman", "DIffieHellman\DIffieHellman.csproj", "{39DC1753-C343-42C3-9A6B-CDC89E65EAE0}"
EndProject
Project("{FAE04EC0-301F-11D3-BF4B-00C04F79EFBC}") = "VisualCryptoSystem", "VisualCryptoSystem\VisualCryptoSystem.csproj", "{B8AEABB3-F27A-49AB-A7AF-DF7D350BD887}"
EndProject
Global
	GlobalSection(SolutionConfigurationPlatforms) = preSolution
		Debug|Any CPU = Debug|Any CPU
		Release|Any CPU = Release|Any CPU
	EndGlobalSection
	GlobalSection(ProjectConfigurationPlatforms) = postSolution
		{9248CCB1-195B-46E7-84E5-7EFB21D8D229}.Debug|Any CPU.ActiveCfg = Debug|Any CPU
		{9248CCB1-195B-46E7-84E5-7EFB21D8D229}.Debug|Any CPU.Build.0 = Debug|Any CPU
		{9248CCB1-195B-46E7-84E5-7EFB21D8D229}.Release|Any CPU.ActiveCfg = Release|Any CPU
		{9248CCB1-195B-46E7-84E5-7EFB21D8D229}.Release|Any CPU.Build.0 = Release|Any CPU
		{929E7DBC-71CF-4C7A-9F7D-26B278D208E6}.Debug|Any CPU.ActiveCfg = Debug|Any CPU
		{929E7DBC-71CF-4C7A-9F7D-26B278D208E6}.Debug|Any CPU.Build.0 = Debug|Any CPU
		{929E7DBC-71CF-4C7A-9F7D-26B278D208E6}.Release|Any CPU.ActiveCfg = Release|Any CPU
		{929E7DBC-71CF-4C7A-9F7D-26B278D208E6}.Release|Any CPU.Build.0 = Release|Any CPU
		{424490C4-152D-46DE-96CD-ECE32799BB4F}.Debug|Any CPU.ActiveCfg = Debug|Any CPU
		{424490C4-152D-46DE-96CD-ECE32799BB4F}.Debug|Any CPU.Build.0 = Debug|Any CPU
		{424490C4-152D-46DE-96CD-ECE32799BB4F}.Release|Any CPU.ActiveCfg = Release|Any CPU
		{424490C4-152D-46DE-96CD-ECE32799BB4F}.Release|Any CPU.Build.0 = Release|Any CPU
		{E9E84C8A-1091-4D97-B709-4EEF8D9482FC}.Debug|Any CPU.ActiveCfg = Debug|Any CPU
		{E9E84C8A-1091-4D97-B709-4EEF8D9482FC}.Debug|Any CPU.Build.0 = Debug|Any CPU
		{E9E84C8A-1091-4D97-B709-4EEF8D9482FC}.Release|Any CPU.ActiveCfg = Release|Any CPU
		{E9E84C8A-1091-4D97-B709-4EEF8D9482FC}.Release|Any CPU.Build.0 = Release|Any CPU
		{87D2B648-6465-4977-92A0-9767C0981E3D}.Debug|Any CPU.ActiveCfg = Debug|Any CPU
		{87D2B648-6465-4977-92A0-9767C0981E3D}.Debug|Any CPU.Build.0 = Debug|Any CPU
		{87D2B648-6465-4977-92A0-9767C0981E3D}.Release|Any CPU.ActiveCfg = Release|Any CPU
		{87D2B648-6465-4977-92A0-9767C0981E3D}.Release|Any CPU.Build.0 = Release|Any CPU
		{08F65A8B-19D7-41E0-B303-4B0E93B6BD2E}.Debug|Any CPU.ActiveCfg = Debug|Any CPU
		{08F65A8B-19D7-41E0-B303-4B0E93B6BD2E}.Debug|Any CPU.Build.0 = Debug|Any CPU
		{08F65A8B-19D7-41E0-B303-4B0E93B6BD2E}.Release|Any CPU.ActiveCfg = Release|Any CPU
		{08F65A8B-19D7-41E0-B303-4B0E93B6BD2E}.Release|Any CPU.Build.0 = Release|Any CPU
		{53A35853-AA38-468E-9E67-F7448820CA70}.Debug|Any CPU.ActiveCfg = Debug|Any CPU
		{53A35853-AA38-468E-9E67-F7448820CA70}.Debug|Any CPU.Build.0 = Debug|Any CPU
		{53A35853-AA38-468E-9E67-F7448820CA70}.Release|Any CPU.ActiveCfg = Release|Any CPU
		{53A35853-AA38-468E-9E67-F7448820CA70}.Release|Any CPU.Build.0 = Release|Any CPU
		{39DC1753-C343-42C3-9A6B-CDC89E65EAE0}.Debug|Any CPU.ActiveCfg = Debug|Any CPU
		{39DC1753-C343-42C3-9A6B-CDC89E65EAE0}.Debug|Any CPU.Build.0 = Debug|Any CPU
		{39DC1753-C343-42C3-9A6B-CDC89E65EAE0}.Release|Any CPU.ActiveCfg = Release|Any CPU
		{39DC1753-C343-42C3-9A6B-CDC89E65EAE0}.Release|Any CPU.Build.0 = Release|Any CPU
		{B8AEABB3-F27A-49AB-A7AF-DF7D350BD887}.Debug|Any CPU.ActiveCfg = Debug|Any CPU
		{B8AEABB3-F27A-49AB-A7AF-DF7D350BD887}.Debug|Any CPU.Build.0 = Debug|Any CPU
		{B8AEABB3-F27A-49AB-A7AF-DF7D350BD887}.Release|Any CPU.ActiveCfg = Release|Any CPU
		{B8AEABB3-F27A-49AB-A7AF-DF7D350BD887}.Release|Any CPU.Build.0 = Release|Any CPU
	EndGlobalSection
	GlobalSection(SolutionProperties) = preSolution
		HideSolutionNode = FALSE
	EndGlobalSection
	GlobalSection(ExtensibilityGlobals) = postSolution
		SolutionGuid = {2132C2DD-BD8E-4119-B24B-901EE1FEB508}
	EndGlobalSection
EndGlobal
